
Microsoft Visual Studio Solution File, Format Version 12.00
# Visual Studio Version 17
VisualStudioVersion = 17.1.32210.238
MinimumVisualStudioVersion = 10.0.40219.1
Project("{FAE04EC0-301F-11D3-BF4B-00C04F79EFBC}") = "RandomNameGen", "RandomNameGen\RandomNameGen.csproj", "{1E16BD3F-F179-4E6A-A963-6F8759912C67}"
EndProject
Project("{2150E333-8FDC-42A3-9474-1A3956D46DE8}") = "Solution Items", "Solution Items", "{D17F8074-4D4B-48AC-9949-DF935C30CE2E}"
	ProjectSection(SolutionItems) = preProject
		.editorconfig = .editorconfig
	EndProjectSection
EndProject
Global
	GlobalSection(SolutionConfigurationPlatforms) = preSolution
		Debug|Any CPU = Debug|Any CPU
		Release|Any CPU = Release|Any CPU
	EndGlobalSection
	GlobalSection(ProjectConfigurationPlatforms) = postSolution
		{1E16BD3F-F179-4E6A-A963-6F8759912C67}.Debug|Any CPU.ActiveCfg = Debug|Any CPU
		{1E16BD3F-F179-4E6A-A963-6F8759912C67}.Debug|Any CPU.Build.0 = Debug|Any CPU
		{1E16BD3F-F179-4E6A-A963-6F8759912C67}.Release|Any CPU.ActiveCfg = Release|Any CPU
		{1E16BD3F-F179-4E6A-A963-6F8759912C67}.Release|Any CPU.Build.0 = Release|Any CPU
	EndGlobalSection
	GlobalSection(SolutionProperties) = preSolution
		HideSolutionNode = FALSE
	EndGlobalSection
	GlobalSection(ExtensibilityGlobals) = postSolution
		SolutionGuid = {5D34BF18-48A4-421A-9BCF-ACA4D37C4AC2}
	EndGlobalSection
EndGlobal
